
Microsoft Visual Studio Solution File, Format Version 12.00
# Visual Studio Version 17
VisualStudioVersion = 17.5.002.0
MinimumVisualStudioVersion = 10.0.40219.1
Project("{9A19103F-16F7-4668-BE54-9A1E7A4F7556}") = "Galileo.Types", "Galileo.Types\Galileo.Types.csproj", "{BD52A636-BC7B-49AC-8642-72423A8DCFBE}"
EndProject
Project("{9A19103F-16F7-4668-BE54-9A1E7A4F7556}") = "Namespaces", "Namespaces\Namespaces.csproj", "{C0503C7C-A2C6-4699-8EE1-FEEAB7B1896A}"
EndProject
Global
	GlobalSection(SolutionConfigurationPlatforms) = preSolution
		Debug|Any CPU = Debug|Any CPU
		Release|Any CPU = Release|Any CPU
	EndGlobalSection
	GlobalSection(ProjectConfigurationPlatforms) = postSolution
		{BD52A636-BC7B-49AC-8642-72423A8DCFBE}.Debug|Any CPU.ActiveCfg = Debug|Any CPU
		{BD52A636-BC7B-49AC-8642-72423A8DCFBE}.Debug|Any CPU.Build.0 = Debug|Any CPU
		{BD52A636-BC7B-49AC-8642-72423A8DCFBE}.Release|Any CPU.ActiveCfg = Release|Any CPU
		{BD52A636-BC7B-49AC-8642-72423A8DCFBE}.Release|Any CPU.Build.0 = Release|Any CPU
		{C0503C7C-A2C6-4699-8EE1-FEEAB7B1896A}.Debug|Any CPU.ActiveCfg = Debug|Any CPU
		{C0503C7C-A2C6-4699-8EE1-FEEAB7B1896A}.Debug|Any CPU.Build.0 = Debug|Any CPU
		{C0503C7C-A2C6-4699-8EE1-FEEAB7B1896A}.Release|Any CPU.ActiveCfg = Release|Any CPU
		{C0503C7C-A2C6-4699-8EE1-FEEAB7B1896A}.Release|Any CPU.Build.0 = Release|Any CPU
	EndGlobalSection
	GlobalSection(SolutionProperties) = preSolution
		HideSolutionNode = FALSE
	EndGlobalSection
	GlobalSection(ExtensibilityGlobals) = postSolution
		SolutionGuid = {4D6D334F-4B21-42A5-B6FA-5577C5AD72FC}
	EndGlobalSection
EndGlobal
